{
  "name": "Hackathon",
  "lockfileVersion": 3,
  "requires": true,
  "packages": {
    "": {
      "dependencies": {
        "safe-browsing-api-js": "^1.0.0"
      }
    },
    "node_modules/safe-browsing-api-js": {
      "version": "1.0.0",
      "resolved": "https://registry.npmjs.org/safe-browsing-api-js/-/safe-browsing-api-js-1.0.0.tgz",
      "integrity": "sha512-LXgPa2cP3fEl9ijbHjehQxOqvR4aES0Kzmga/lcvjLI41lTxdbC8wI9yWR+b4p7TPn+Ke/ONxt4eWpn9AeXa3g=="
    }
  }
}
